
Microsoft Visual Studio Solution File, Format Version 12.00
# Visual Studio Version 17
VisualStudioVersion = 17.4.33103.184
MinimumVisualStudioVersion = 10.0.40219.1
Project("{FAE04EC0-301F-11D3-BF4B-00C04F79EFBC}") = "CustomersDatabase", "CustomersDatabase.csproj", "{26F30123-4C48-4F1C-982A-7FE0DF811EDB}"
EndProject
Global
	GlobalSection(SolutionConfigurationPlatforms) = preSolution
		Debug|Any CPU = Debug|Any CPU
		Release|Any CPU = Release|Any CPU
	EndGlobalSection
	GlobalSection(ProjectConfigurationPlatforms) = postSolution
		{26F30123-4C48-4F1C-982A-7FE0DF811EDB}.Debug|Any CPU.ActiveCfg = Debug|Any CPU
		{26F30123-4C48-4F1C-982A-7FE0DF811EDB}.Debug|Any CPU.Build.0 = Debug|Any CPU
		{26F30123-4C48-4F1C-982A-7FE0DF811EDB}.Release|Any CPU.ActiveCfg = Release|Any CPU
		{26F30123-4C48-4F1C-982A-7FE0DF811EDB}.Release|Any CPU.Build.0 = Release|Any CPU
	EndGlobalSection
	GlobalSection(SolutionProperties) = preSolution
		HideSolutionNode = FALSE
	EndGlobalSection
	GlobalSection(ExtensibilityGlobals) = postSolution
		SolutionGuid = {566C25CF-A427-4C85-8E21-68A15A14F978}
	EndGlobalSection
EndGlobal
